{
  "originHash" : "b8a03731d9e935169670a2ef7a17880f6a959c0669966972bab24cd6212b2a8c",
  "pins" : [
    {
      "identity" : "fluidaudio",
      "kind" : "remoteSourceControl",
      "location" : "https://github.com/FluidInference/FluidAudio.git",
      "state" : {
        "revision" : "57551cd90e0bbec342766244358bcf08afb05290",
        "version" : "0.13.6"
      }
    }
  ],
  "version" : 3
}
